
Microsoft Visual Studio Solution File, Format Version 12.00
# Visual Studio Version 17
VisualStudioVersion = 17.11.35327.3
MinimumVisualStudioVersion = 10.0.40219.1
Project("{FAE04EC0-301F-11D3-BF4B-00C04F79EFBC}") = "Rika_ReportProvider", "Rika_ReportProvider\Rika_ReportProvider.csproj", "{BE8FA036-DD77-490A-AC6B-481F4C98655B}"
EndProject
Global
	GlobalSection(SolutionConfigurationPlatforms) = preSolution
		Debug|Any CPU = Debug|Any CPU
		Release|Any CPU = Release|Any CPU
	EndGlobalSection
	GlobalSection(ProjectConfigurationPlatforms) = postSolution
		{BE8FA036-DD77-490A-AC6B-481F4C98655B}.Debug|Any CPU.ActiveCfg = Debug|Any CPU
		{BE8FA036-DD77-490A-AC6B-481F4C98655B}.Debug|Any CPU.Build.0 = Debug|Any CPU
		{BE8FA036-DD77-490A-AC6B-481F4C98655B}.Release|Any CPU.ActiveCfg = Release|Any CPU
		{BE8FA036-DD77-490A-AC6B-481F4C98655B}.Release|Any CPU.Build.0 = Release|Any CPU
	EndGlobalSection
	GlobalSection(SolutionProperties) = preSolution
		HideSolutionNode = FALSE
	EndGlobalSection
	GlobalSection(ExtensibilityGlobals) = postSolution
		SolutionGuid = {CB02F837-94A0-4F14-89AA-32E5174AA241}
	EndGlobalSection
EndGlobal
